Microsoft Visual Studio Solution File, Format Version 12.00
# Visual Studio 2015
Project("{8BC9CEB8-8B4A-11D0-8D11-00A0C91BC942}") = "crc64_ecma182", "crc64_ecma182.vcxproj", "{3CB3ABD6-027F-8ECA-3AEC-7139AE36FD18}"
	ProjectSection(ProjectDependencies) = postProject
		{4F5261D2-F9A5-CE7F-7E35-C3350B1D0FB1} = {4F5261D2-F9A5-CE7F-7E35-C3350B1D0FB1}
	EndProjectSection
EndProject
Project("{8BC9CEB8-8B4A-11D0-8D11-00A0C91BC942}") = "crc64_ecma182_base", "crc64_ecma182_base.vcxproj", "{4F5261D2-F9A5-CE7F-7E35-C3350B1D0FB1}"
EndProject
Global
	GlobalSection(SolutionConfigurationPlatforms) = preSolution
		Debug|Win32 = Debug|Win32
		Release|Win32 = Release|Win32
	EndGlobalSection
	GlobalSection(ProjectConfigurationPlatforms) = postSolution
		{3CB3ABD6-027F-8ECA-3AEC-7139AE36FD18}.Debug|Win32.ActiveCfg = Debug|Win32
		{3CB3ABD6-027F-8ECA-3AEC-7139AE36FD18}.Debug|Win32.Build.0 = Debug|Win32
		{3CB3ABD6-027F-8ECA-3AEC-7139AE36FD18}.Release|Win32.ActiveCfg = Release|Win32
		{3CB3ABD6-027F-8ECA-3AEC-7139AE36FD18}.Release|Win32.Build.0 = Release|Win32
		{4F5261D2-F9A5-CE7F-7E35-C3350B1D0FB1}.Debug|Win32.ActiveCfg = Debug|Win32
		{4F5261D2-F9A5-CE7F-7E35-C3350B1D0FB1}.Debug|Win32.Build.0 = Debug|Win32
		{4F5261D2-F9A5-CE7F-7E35-C3350B1D0FB1}.Release|Win32.ActiveCfg = Release|Win32
		{4F5261D2-F9A5-CE7F-7E35-C3350B1D0FB1}.Release|Win32.Build.0 = Release|Win32
	EndGlobalSection
	GlobalSection(SolutionProperties) = preSolution
		HideSolutionNode = FALSE
	EndGlobalSection
EndGlobal
