Microsoft Visual Studio Solution File, Format Version 12.00
# Visual Studio 2015
Project("{8BC9CEB8-8B4A-11D0-8D11-00A0C91BC942}") = "crc64_ecma182", "crc64_ecma182.vcxproj", "{373A2B21-A948-36F0-E6F5-90D48AD17633}"
	ProjectSection(ProjectDependencies) = postProject
		{B2E6E83F-8C46-B113-6D04-E43C252BAC3F} = {B2E6E83F-8C46-B113-6D04-E43C252BAC3F}
	EndProjectSection
EndProject
Project("{8BC9CEB8-8B4A-11D0-8D11-00A0C91BC942}") = "crc64_ecma182_base", "crc64_ecma182_base.vcxproj", "{B2E6E83F-8C46-B113-6D04-E43C252BAC3F}"
EndProject
Global
	GlobalSection(SolutionConfigurationPlatforms) = preSolution
		Debug|x64 = Debug|x64
		Release|x64 = Release|x64
	EndGlobalSection
	GlobalSection(ProjectConfigurationPlatforms) = postSolution
		{373A2B21-A948-36F0-E6F5-90D48AD17633}.Debug|x64.ActiveCfg = Debug|x64
		{373A2B21-A948-36F0-E6F5-90D48AD17633}.Debug|x64.Build.0 = Debug|x64
		{373A2B21-A948-36F0-E6F5-90D48AD17633}.Release|x64.ActiveCfg = Release|x64
		{373A2B21-A948-36F0-E6F5-90D48AD17633}.Release|x64.Build.0 = Release|x64
		{B2E6E83F-8C46-B113-6D04-E43C252BAC3F}.Debug|x64.ActiveCfg = Debug|x64
		{B2E6E83F-8C46-B113-6D04-E43C252BAC3F}.Debug|x64.Build.0 = Debug|x64
		{B2E6E83F-8C46-B113-6D04-E43C252BAC3F}.Release|x64.ActiveCfg = Release|x64
		{B2E6E83F-8C46-B113-6D04-E43C252BAC3F}.Release|x64.Build.0 = Release|x64
	EndGlobalSection
	GlobalSection(SolutionProperties) = preSolution
		HideSolutionNode = FALSE
	EndGlobalSection
EndGlobal
